
Microsoft Visual Studio Solution File, Format Version 12.00
# Visual Studio Version 17
VisualStudioVersion = 17.9.34616.47
MinimumVisualStudioVersion = 10.0.40219.1
Project("{FAE04EC0-301F-11D3-BF4B-00C04F79EFBC}") = "ExamenApp2", "ExamenApp2\ExamenApp2.csproj", "{D6D9D7EC-C648-48E5-B5FA-A020CA695AEB}"
EndProject
Global
	GlobalSection(SolutionConfigurationPlatforms) = preSolution
		Debug|Any CPU = Debug|Any CPU
		Release|Any CPU = Release|Any CPU
	EndGlobalSection
	GlobalSection(ProjectConfigurationPlatforms) = postSolution
		{D6D9D7EC-C648-48E5-B5FA-A020CA695AEB}.Debug|Any CPU.ActiveCfg = Debug|Any CPU
		{D6D9D7EC-C648-48E5-B5FA-A020CA695AEB}.Debug|Any CPU.Build.0 = Debug|Any CPU
		{D6D9D7EC-C648-48E5-B5FA-A020CA695AEB}.Debug|Any CPU.Deploy.0 = Debug|Any CPU
		{D6D9D7EC-C648-48E5-B5FA-A020CA695AEB}.Release|Any CPU.ActiveCfg = Release|Any CPU
		{D6D9D7EC-C648-48E5-B5FA-A020CA695AEB}.Release|Any CPU.Build.0 = Release|Any CPU
		{D6D9D7EC-C648-48E5-B5FA-A020CA695AEB}.Release|Any CPU.Deploy.0 = Release|Any CPU
	EndGlobalSection
	GlobalSection(SolutionProperties) = preSolution
		HideSolutionNode = FALSE
	EndGlobalSection
	GlobalSection(ExtensibilityGlobals) = postSolution
		SolutionGuid = {13BE1FE0-6D6A-4D50-BF52-F4E2AED53CFB}
	EndGlobalSection
EndGlobal
